
Microsoft Visual Studio Solution File, Format Version 12.00
# Visual Studio Version 16
VisualStudioVersion = 16.0.31624.102
MinimumVisualStudioVersion = 10.0.40219.1
Project("{FAE04EC0-301F-11D3-BF4B-00C04F79EFBC}") = "ScacchiP2P", "ScacchiP2P\ScacchiP2P.csproj", "{4A1B522C-BF32-4441-9472-ED0D914A3014}"
EndProject
Global
	GlobalSection(SolutionConfigurationPlatforms) = preSolution
		Debug|Any CPU = Debug|Any CPU
		Release|Any CPU = Release|Any CPU
	EndGlobalSection
	GlobalSection(ProjectConfigurationPlatforms) = postSolution
		{4A1B522C-BF32-4441-9472-ED0D914A3014}.Debug|Any CPU.ActiveCfg = Debug|Any CPU
		{4A1B522C-BF32-4441-9472-ED0D914A3014}.Debug|Any CPU.Build.0 = Debug|Any CPU
		{4A1B522C-BF32-4441-9472-ED0D914A3014}.Release|Any CPU.ActiveCfg = Release|Any CPU
		{4A1B522C-BF32-4441-9472-ED0D914A3014}.Release|Any CPU.Build.0 = Release|Any CPU
	EndGlobalSection
	GlobalSection(SolutionProperties) = preSolution
		HideSolutionNode = FALSE
	EndGlobalSection
	GlobalSection(ExtensibilityGlobals) = postSolution
		SolutionGuid = {EF0DEE54-EF8C-451F-9525-F73F332F6753}
	EndGlobalSection
EndGlobal
